
Microsoft Visual Studio Solution File, Format Version 12.00
# Visual Studio Version 17
VisualStudioVersion = 17.8.34408.163
MinimumVisualStudioVersion = 10.0.40219.1
Project("{FAE04EC0-301F-11D3-BF4B-00C04F79EFBC}") = "FinalGui", "FinalGui.csproj", "{11C65439-0D63-4FEE-BC16-EBA8DA53B510}"
EndProject
Global
	GlobalSection(SolutionConfigurationPlatforms) = preSolution
		Debug|Any CPU = Debug|Any CPU
		Release|Any CPU = Release|Any CPU
	EndGlobalSection
	GlobalSection(ProjectConfigurationPlatforms) = postSolution
		{11C65439-0D63-4FEE-BC16-EBA8DA53B510}.Debug|Any CPU.ActiveCfg = Debug|Any CPU
		{11C65439-0D63-4FEE-BC16-EBA8DA53B510}.Debug|Any CPU.Build.0 = Debug|Any CPU
		{11C65439-0D63-4FEE-BC16-EBA8DA53B510}.Release|Any CPU.ActiveCfg = Release|Any CPU
		{11C65439-0D63-4FEE-BC16-EBA8DA53B510}.Release|Any CPU.Build.0 = Release|Any CPU
	EndGlobalSection
	GlobalSection(SolutionProperties) = preSolution
		HideSolutionNode = FALSE
	EndGlobalSection
	GlobalSection(ExtensibilityGlobals) = postSolution
		SolutionGuid = {C19FB710-41F9-4FBA-BB3E-A66A48FEA471}
	EndGlobalSection
EndGlobal
